// !$*UTF8*$!
{
	archiveVersion = 1;
	classes = {
	};
	objectVersion = 50;
	objects = {

/* Begin PBXBuildFile section */
		632C844138EA6BDEBD57DCFF /* Pods_GridLayouts.framework in Frameworks */ = {isa = PBXBuildFile; fileRef = EA0AD85386B5DA44F6428867 /* Pods_GridLayouts.framework */; };
		92F3536A20F20023000B6FC4 /* AppDelegate.swift in Sources */ = {isa = PBXBuildFile; fileRef = 92F3536920F20023000B6FC4 /* AppDelegate.swift */; };
		92F3536C20F20023000B6FC4 /* ViewController.swift in Sources */ = {isa = PBXBuildFile; fileRef = 92F3536B20F20023000B6FC4 /* ViewController.swift */; };
		92F3536F20F20023000B6FC4 /* Main.storyboard in Resources */ = {isa = PBXBuildFile; fileRef = 92F3536D20F20023000B6FC4 /* Main.storyboard */; };
		92F3537120F20027000B6FC4 /* Assets.xcassets in Resources */ = {isa = PBXBuildFile; fileRef = 92F3537020F20027000B6FC4 /* Assets.xcassets */; };
		92F3537420F20027000B6FC4 /* LaunchScreen.storyboard in Resources */ = {isa = PBXBuildFile; fileRef = 92F3537220F20027000B6FC4 /* LaunchScreen.storyboard */; };
		92F3537C20F202A0000B6FC4 /* imageCollectionViewCell.swift in Sources */ = {isa = PBXBuildFile; fileRef = 92F3537B20F202A0000B6FC4 /* imageCollectionViewCell.swift */; };
		92F3538420F25C6B000B6FC4 /* Datasource.swift in Sources */ = {isa = PBXBuildFile; fileRef = 92F3538320F25C6B000B6FC4 /* Datasource.swift */; };
		92F3538620F25D56000B6FC4 /* GridLayout.swift in Sources */ = {isa = PBXBuildFile; fileRef = 92F3538520F25D56000B6FC4 /* GridLayout.swift */; };
		92F3538820F25D95000B6FC4 /* File.swift in Sources */ = {isa = PBXBuildFile; fileRef = 92F3538720F25D95000B6FC4 /* File.swift */; };
		92F3538B20F25DDF000B6FC4 /* Car.swift in Sources */ = {isa = PBXBuildFile; fileRef = 92F3538A20F25DDF000B6FC4 /* Car.swift */; };
		92F3538D20F25F7A000B6FC4 /* DetailViewController.swift in Sources */ = {isa = PBXBuildFile; fileRef = 92F3538C20F25F7A000B6FC4 /* DetailViewController.swift */; };
		92F3539020F33C3C000B6FC4 /* Banner.swift in Sources */ = {isa = PBXBuildFile; fileRef = 92F3538F20F33C3C000B6FC4 /* Banner.swift */; };
		92F3539220F33DDE000B6FC4 /* bannerCollectionViewCell.swift in Sources */ = {isa = PBXBuildFile; fileRef = 92F3539120F33DDE000B6FC4 /* bannerCollectionViewCell.swift */; };
		92F3539420F351A0000B6FC4 /* CarGroups.swift in Sources */ = {isa = PBXBuildFile; fileRef = 92F3539320F351A0000B6FC4 /* CarGroups.swift */; };
		92F3539720F35410000B6FC4 /* CarGroupCollectionViewCell.swift in Sources */ = {isa = PBXBuildFile; fileRef = 92F3539620F35410000B6FC4 /* CarGroupCollectionViewCell.swift */; };
		92F3539920F357F6000B6FC4 /* CarGroupDatasource.swift in Sources */ = {isa = PBXBuildFile; fileRef = 92F3539820F357F6000B6FC4 /* CarGroupDatasource.swift */; };
		92F3539B20F368CF000B6FC4 /* ColorExtension.swift in Sources */ = {isa = PBXBuildFile; fileRef = 92F3539A20F368CF000B6FC4 /* ColorExtension.swift */; };
		92F3539D20F383F2000B6FC4 /* GoogleService-Info.plist in Resources */ = {isa = PBXBuildFile; fileRef = 92F3539C20F383F2000B6FC4 /* GoogleService-Info.plist */; };
		92F3539F20F38591000B6FC4 /* imageUploadManeger.swift in Sources */ = {isa = PBXBuildFile; fileRef = 92F3539E20F38591000B6FC4 /* imageUploadManeger.swift */; };
/* End PBXBuildFile section */

/* Begin PBXFileReference section */
		92F3536620F20023000B6FC4 /* GridLayouts.app */ = {isa = PBXFileReference; explicitFileType = wrapper.application; includeInIndex = 0; path = GridLayouts.app; sourceTree = BUILT_PRODUCTS_DIR; };
		92F3536920F20023000B6FC4 /* AppDelegate.swift */ = {isa = PBXFileReference; lastKnownFileType = sourcecode.swift; path = AppDelegate.swift; sourceTree = "<group>"; };
		92F3536B20F20023000B6FC4 /* ViewController.swift */ = {isa = PBXFileReference; lastKnownFileType = sourcecode.swift; path = ViewController.swift; sourceTree = "<group>"; };
		92F3536E20F20023000B6FC4 /* Base */ = {isa = PBXFileReference; lastKnownFileType = file.storyboard; name = Base; path = Base.lproj/Main.storyboard; sourceTree = "<group>"; };
		92F3537020F20027000B6FC4 /* Assets.xcassets */ = {isa = PBXFileReference; lastKnownFileType = folder.assetcatalog; path = Assets.xcassets; sourceTree = "<group>"; };
		92F3537320F20027000B6FC4 /* Base */ = {isa = PBXFileReference; lastKnownFileType = file.storyboard; name = Base; path = Base.lproj/LaunchScreen.storyboard; sourceTree = "<group>"; };
		92F3537520F20027000B6FC4 /* Info.plist */ = {isa = PBXFileReference; lastKnownFileType = text.plist.xml; path = Info.plist; sourceTree = "<group>"; };
		92F3537B20F202A0000B6FC4 /* imageCollectionViewCell.swift */ = {isa = PBXFileReference; lastKnownFileType = sourcecode.swift; path = imageCollectionViewCell.swift; sourceTree = "<group>"; };
		92F3538320F25C6B000B6FC4 /* Datasource.swift */ = {isa = PBXFileReference; lastKnownFileType = sourcecode.swift; path = Datasource.swift; sourceTree = "<group>"; };
		92F3538520F25D56000B6FC4 /* GridLayout.swift */ = {isa = PBXFileReference; lastKnownFileType = sourcecode.swift; path = GridLayout.swift; sourceTree = "<group>"; };
		92F3538720F25D95000B6FC4 /* File.swift */ = {isa = PBXFileReference; lastKnownFileType = sourcecode.swift; path = File.swift; sourceTree = "<group>"; };
		92F3538A20F25DDF000B6FC4 /* Car.swift */ = {isa = PBXFileReference; lastKnownFileType = sourcecode.swift; path = Car.swift; sourceTree = "<group>"; };
		92F3538C20F25F7A000B6FC4 /* DetailViewController.swift */ = {isa = PBXFileReference; lastKnownFileType = sourcecode.swift; path = DetailViewController.swift; sourceTree = "<group>"; };
		92F3538F20F33C3C000B6FC4 /* Banner.swift */ = {isa = PBXFileReference; lastKnownFileType = sourcecode.swift; path = Banner.swift; sourceTree = "<group>"; };
		92F3539120F33DDE000B6FC4 /* bannerCollectionViewCell.swift */ = {isa = PBXFileReference; lastKnownFileType = sourcecode.swift; path = bannerCollectionViewCell.swift; sourceTree = "<group>"; };
		92F3539320F351A0000B6FC4 /* CarGroups.swift */ = {isa = PBXFileReference; lastKnownFileType = sourcecode.swift; path = CarGroups.swift; sourceTree = "<group>"; };
		92F3539620F35410000B6FC4 /* CarGroupCollectionViewCell.swift */ = {isa = PBXFileReference; lastKnownFileType = sourcecode.swift; path = CarGroupCollectionViewCell.swift; sourceTree = "<group>"; };
		92F3539820F357F6000B6FC4 /* CarGroupDatasource.swift */ = {isa = PBXFileReference; lastKnownFileType = sourcecode.swift; path = CarGroupDatasource.swift; sourceTree = "<group>"; };
		92F3539A20F368CF000B6FC4 /* ColorExtension.swift */ = {isa = PBXFileReference; lastKnownFileType = sourcecode.swift; path = ColorExtension.swift; sourceTree = "<group>"; };
		92F3539C20F383F2000B6FC4 /* GoogleService-Info.plist */ = {isa = PBXFileReference; fileEncoding = 4; lastKnownFileType = text.plist.xml; path = "GoogleService-Info.plist"; sourceTree = "<group>"; };
		92F3539E20F38591000B6FC4 /* imageUploadManeger.swift */ = {isa = PBXFileReference; lastKnownFileType = sourcecode.swift; path = imageUploadManeger.swift; sourceTree = "<group>"; };
		D7C53BF88B024C906F0435C6 /* Pods-GridLayouts.debug.xcconfig */ = {isa = PBXFileReference; includeInIndex = 1; lastKnownFileType = text.xcconfig; name = "Pods-GridLayouts.debug.xcconfig"; path = "Pods/Target Support Files/Pods-GridLayouts/Pods-GridLayouts.debug.xcconfig"; sourceTree = "<group>"; };
		DFF3D084AAC6E5F48ED6B96D /* Pods-GridLayouts.release.xcconfig */ = {isa = PBXFileReference; includeInIndex = 1; lastKnownFileType = text.xcconfig; name = "Pods-GridLayouts.release.xcconfig"; path = "Pods/Target Support Files/Pods-GridLayouts/Pods-GridLayouts.release.xcconfig"; sourceTree = "<group>"; };
		EA0AD85386B5DA44F6428867 /* Pods_GridLayouts.framework */ = {isa = PBXFileReference; explicitFileType = wrapper.framework; includeInIndex = 0; path = Pods_GridLayouts.framework; sourceTree = BUILT_PRODUCTS_DIR; };
/* End PBXFileReference section */

/* Begin PBXFrameworksBuildPhase section */
		92F3536320F20023000B6FC4 /* Frameworks */ = {
			isa = PBXFrameworksBuildPhase;
			buildActionMask = 2147483647;
			files = (
				632C844138EA6BDEBD57DCFF /* Pods_GridLayouts.framework in Frameworks */,
			);
			runOnlyForDeploymentPostprocessing = 0;
		};
/* End PBXFrameworksBuildPhase section */

/* Begin PBXGroup section */
		3079A86AFB0724FF6F21FEA6 /* Pods */ = {
			isa = PBXGroup;
			children = (
				D7C53BF88B024C906F0435C6 /* Pods-GridLayouts.debug.xcconfig */,
				DFF3D084AAC6E5F48ED6B96D /* Pods-GridLayouts.release.xcconfig */,
			);
			name = Pods;
			sourceTree = "<group>";
		};
		92F3535D20F20023000B6FC4 = {
			isa = PBXGroup;
			children = (
				92F3536820F20023000B6FC4 /* GridLayouts */,
				92F3536720F20023000B6FC4 /* Products */,
				3079A86AFB0724FF6F21FEA6 /* Pods */,
				BFCED51C5DA082D0F7B318EA /* Frameworks */,
			);
			sourceTree = "<group>";
		};
		92F3536720F20023000B6FC4 /* Products */ = {
			isa = PBXGroup;
			children = (
				92F3536620F20023000B6FC4 /* GridLayouts.app */,
			);
			name = Products;
			sourceTree = "<group>";
		};
		92F3536820F20023000B6FC4 /* GridLayouts */ = {
			isa = PBXGroup;
			children = (
				92F3536920F20023000B6FC4 /* AppDelegate.swift */,
				92F3539520F353EC000B6FC4 /* Cells */,
				92F3536B20F20023000B6FC4 /* ViewController.swift */,
				92F3538C20F25F7A000B6FC4 /* DetailViewController.swift */,
				92F3539A20F368CF000B6FC4 /* ColorExtension.swift */,
				92F3539E20F38591000B6FC4 /* imageUploadManeger.swift */,
				92F3538E20F33BA2000B6FC4 /* Model */,
				92F3538920F25DBD000B6FC4 /* GridLayouts */,
				92F3536D20F20023000B6FC4 /* Main.storyboard */,
				92F3537020F20027000B6FC4 /* Assets.xcassets */,
				92F3537220F20027000B6FC4 /* LaunchScreen.storyboard */,
				92F3537520F20027000B6FC4 /* Info.plist */,
				92F3539C20F383F2000B6FC4 /* GoogleService-Info.plist */,
			);
			path = GridLayouts;
			sourceTree = "<group>";
		};
		92F3538920F25DBD000B6FC4 /* GridLayouts */ = {
			isa = PBXGroup;
			children = (
				92F3538520F25D56000B6FC4 /* GridLayout.swift */,
				92F3538720F25D95000B6FC4 /* File.swift */,
			);
			path = GridLayouts;
			sourceTree = "<group>";
		};
		92F3538E20F33BA2000B6FC4 /* Model */ = {
			isa = PBXGroup;
			children = (
				92F3538A20F25DDF000B6FC4 /* Car.swift */,
				92F3538F20F33C3C000B6FC4 /* Banner.swift */,
				92F3538320F25C6B000B6FC4 /* Datasource.swift */,
				92F3539820F357F6000B6FC4 /* CarGroupDatasource.swift */,
				92F3539320F351A0000B6FC4 /* CarGroups.swift */,
			);
			path = Model;
			sourceTree = "<group>";
		};
		92F3539520F353EC000B6FC4 /* Cells */ = {
			isa = PBXGroup;
			children = (
				92F3537B20F202A0000B6FC4 /* imageCollectionViewCell.swift */,
				92F3539120F33DDE000B6FC4 /* bannerCollectionViewCell.swift */,
				92F3539620F35410000B6FC4 /* CarGroupCollectionViewCell.swift */,
			);
			path = Cells;
			sourceTree = "<group>";
		};
		BFCED51C5DA082D0F7B318EA /* Frameworks */ = {
			isa = PBXGroup;
			children = (
				EA0AD85386B5DA44F6428867 /* Pods_GridLayouts.framework */,
			);
			name = Frameworks;
			sourceTree = "<group>";
		};
/* End PBXGroup section */

/* Begin PBXNativeTarget section */
		92F3536520F20023000B6FC4 /* GridLayouts */ = {
			isa = PBXNativeTarget;
			buildConfigurationList = 92F3537820F20027000B6FC4 /* Build configuration list for PBXNativeTarget "GridLayouts" */;
			buildPhases = (
				1513092A0D462A56F34DF8BC /* [CP] Check Pods Manifest.lock */,
				92F3536220F20023000B6FC4 /* Sources */,
				92F3536320F20023000B6FC4 /* Frameworks */,
				92F3536420F20023000B6FC4 /* Resources */,
				92986F9E6587F9FD1BBAA235 /* [CP] Embed Pods Frameworks */,
			);
			buildRules = (
			);
			dependencies = (
			);
			name = GridLayouts;
			productName = GridLayouts;
			productReference = 92F3536620F20023000B6FC4 /* GridLayouts.app */;
			productType = "com.apple.product-type.application";
		};
/* End PBXNativeTarget section */

/* Begin PBXProject section */
		92F3535E20F20023000B6FC4 /* Project object */ = {
			isa = PBXProject;
			attributes = {
				LastSwiftUpdateCheck = 0940;
				LastUpgradeCheck = 0940;
				ORGANIZATIONNAME = "岡本　優河";
				TargetAttributes = {
					92F3536520F20023000B6FC4 = {
						CreatedOnToolsVersion = 9.4;
					};
				};
			};
			buildConfigurationList = 92F3536120F20023000B6FC4 /* Build configuration list for PBXProject "GridLayouts" */;
			compatibilityVersion = "Xcode 9.3";
			developmentRegion = en;
			hasScannedForEncodings = 0;
			knownRegions = (
				en,
				Base,
			);
			mainGroup = 92F3535D20F20023000B6FC4;
			productRefGroup = 92F3536720F20023000B6FC4 /* Products */;
			projectDirPath = "";
			projectRoot = "";
			targets = (
				92F3536520F20023000B6FC4 /* GridLayouts */,
			);
		};
/* End PBXProject section */

/* Begin PBXResourcesBuildPhase section */
		92F3536420F20023000B6FC4 /* Resources */ = {
			isa = PBXResourcesBuildPhase;
			buildActionMask = 2147483647;
			files = (
				92F3537420F20027000B6FC4 /* LaunchScreen.storyboard in Resources */,
				92F3537120F20027000B6FC4 /* Assets.xcassets in Resources */,
				92F3536F20F20023000B6FC4 /* Main.storyboard in Resources */,
				92F3539D20F383F2000B6FC4 /* GoogleService-Info.plist in Resources */,
			);
			runOnlyForDeploymentPostprocessing = 0;
		};
/* End PBXResourcesBuildPhase section */

/* Begin PBXShellScriptBuildPhase section */
		1513092A0D462A56F34DF8BC /* [CP] Check Pods Manifest.lock */ = {
			isa = PBXShellScriptBuildPhase;
			buildActionMask = 2147483647;
			files = (
			);
			inputPaths = (
				"${PODS_PODFILE_DIR_PATH}/Podfile.lock",
				"${PODS_ROOT}/Manifest.lock",
			);
			name = "[CP] Check Pods Manifest.lock";
			outputPaths = (
				"$(DERIVED_FILE_DIR)/Pods-GridLayouts-checkManifestLockResult.txt",
			);
			runOnlyForDeploymentPostprocessing = 0;
			shellPath = /bin/sh;
			shellScript = "diff \"${PODS_PODFILE_DIR_PATH}/Podfile.lock\" \"${PODS_ROOT}/Manifest.lock\" > /dev/null\nif [ $? != 0 ] ; then\n    # print error to STDERR\n    echo \"error: The sandbox is not in sync with the Podfile.lock. Run 'pod install' or update your CocoaPods installation.\" >&2\n    exit 1\nfi\n# This output is used by Xcode 'outputs' to avoid re-running this script phase.\necho \"SUCCESS\" > \"${SCRIPT_OUTPUT_FILE_0}\"\n";
			showEnvVarsInLog = 0;
		};
		92986F9E6587F9FD1BBAA235 /* [CP] Embed Pods Frameworks */ = {
			isa = PBXShellScriptBuildPhase;
			buildActionMask = 2147483647;
			files = (
			);
			inputPaths = (
				"${SRCROOT}/Pods/Target Support Files/Pods-GridLayouts/Pods-GridLayouts-frameworks.sh",
				"${BUILT_PRODUCTS_DIR}/GTMSessionFetcher/GTMSessionFetcher.framework",
				"${BUILT_PRODUCTS_DIR}/GoogleToolboxForMac/GoogleToolboxForMac.framework",
				"${BUILT_PRODUCTS_DIR}/Haneke/Haneke.framework",
				"${BUILT_PRODUCTS_DIR}/leveldb-library/leveldb.framework",
				"${BUILT_PRODUCTS_DIR}/nanopb/nanopb.framework",
			);
			name = "[CP] Embed Pods Frameworks";
			outputPaths = (
				"${TARGET_BUILD_DIR}/${FRAMEWORKS_FOLDER_PATH}/GTMSessionFetcher.framework",
				"${TARGET_BUILD_DIR}/${FRAMEWORKS_FOLDER_PATH}/GoogleToolboxForMac.framework",
				"${TARGET_BUILD_DIR}/${FRAMEWORKS_FOLDER_PATH}/Haneke.framework",
				"${TARGET_BUILD_DIR}/${FRAMEWORKS_FOLDER_PATH}/leveldb.framework",
				"${TARGET_BUILD_DIR}/${FRAMEWORKS_FOLDER_PATH}/nanopb.framework",
			);
			runOnlyForDeploymentPostprocessing = 0;
			shellPath = /bin/sh;
			shellScript = "\"${SRCROOT}/Pods/Target Support Files/Pods-GridLayouts/Pods-GridLayouts-frameworks.sh\"\n";
			showEnvVarsInLog = 0;
		};
/* End PBXShellScriptBuildPhase section */

/* Begin PBXSourcesBuildPhase section */
		92F3536220F20023000B6FC4 /* Sources */ = {
			isa = PBXSourcesBuildPhase;
			buildActionMask = 2147483647;
			files = (
				92F3539220F33DDE000B6FC4 /* bannerCollectionViewCell.swift in Sources */,
				92F3536C20F20023000B6FC4 /* ViewController.swift in Sources */,
				92F3539720F35410000B6FC4 /* CarGroupCollectionViewCell.swift in Sources */,
				92F3538820F25D95000B6FC4 /* File.swift in Sources */,
				92F3539920F357F6000B6FC4 /* CarGroupDatasource.swift in Sources */,
				92F3539B20F368CF000B6FC4 /* ColorExtension.swift in Sources */,
				92F3539F20F38591000B6FC4 /* imageUploadManeger.swift in Sources */,
				92F3539020F33C3C000B6FC4 /* Banner.swift in Sources */,
				92F3536A20F20023000B6FC4 /* AppDelegate.swift in Sources */,
				92F3538620F25D56000B6FC4 /* GridLayout.swift in Sources */,
				92F3538420F25C6B000B6FC4 /* Datasource.swift in Sources */,
				92F3538B20F25DDF000B6FC4 /* Car.swift in Sources */,
				92F3537C20F202A0000B6FC4 /* imageCollectionViewCell.swift in Sources */,
				92F3539420F351A0000B6FC4 /* CarGroups.swift in Sources */,
				92F3538D20F25F7A000B6FC4 /* DetailViewController.swift in Sources */,
			);
			runOnlyForDeploymentPostprocessing = 0;
		};
/* End PBXSourcesBuildPhase section */

/* Begin PBXVariantGroup section */
		92F3536D20F20023000B6FC4 /* Main.storyboard */ = {
			isa = PBXVariantGroup;
			children = (
				92F3536E20F20023000B6FC4 /* Base */,
			);
			name = Main.storyboard;
			sourceTree = "<group>";
		};
		92F3537220F20027000B6FC4 /* LaunchScreen.storyboard */ = {
			isa = PBXVariantGroup;
			children = (
				92F3537320F20027000B6FC4 /* Base */,
			);
			name = LaunchScreen.storyboard;
			sourceTree = "<group>";
		};
/* End PBXVariantGroup section */

/* Begin XCBuildConfiguration section */
		92F3537620F20027000B6FC4 /* Debug */ = {
			isa = XCBuildConfiguration;
			buildSettings = {
				ALWAYS_SEARCH_USER_PATHS = NO;
				CLANG_ANALYZER_NONNULL = YES;
				CLANG_ANALYZER_NUMBER_OBJECT_CONVERSION = YES_AGGRESSIVE;
				CLANG_CXX_LANGUAGE_STANDARD = "gnu++14";
				CLANG_CXX_LIBRARY = "libc++";
				CLANG_ENABLE_MODULES = YES;
				CLANG_ENABLE_OBJC_ARC = YES;
				CLANG_ENABLE_OBJC_WEAK = YES;
				CLANG_WARN_BLOCK_CAPTURE_AUTORELEASING = YES;
				CLANG_WARN_BOOL_CONVERSION = YES;
				CLANG_WARN_COMMA = YES;
				CLANG_WARN_CONSTANT_CONVERSION = YES;
				CLANG_WARN_DEPRECATED_OBJC_IMPLEMENTATIONS = YES;
				CLANG_WARN_DIRECT_OBJC_ISA_USAGE = YES_ERROR;
				CLANG_WARN_DOCUMENTATION_COMMENTS = YES;
				CLANG_WARN_EMPTY_BODY = YES;
				CLANG_WARN_ENUM_CONVERSION = YES;
				CLANG_WARN_INFINITE_RECURSION = YES;
				CLANG_WARN_INT_CONVERSION = YES;
				CLANG_WARN_NON_LITERAL_NULL_CONVERSION = YES;
				CLANG_WARN_OBJC_IMPLICIT_RETAIN_SELF = YES;
				CLANG_WARN_OBJC_LITERAL_CONVERSION = YES;
				CLANG_WARN_OBJC_ROOT_CLASS = YES_ERROR;
				CLANG_WARN_RANGE_LOOP_ANALYSIS = YES;
				CLANG_WARN_STRICT_PROTOTYPES = YES;
				CLANG_WARN_SUSPICIOUS_MOVE = YES;
				CLANG_WARN_UNGUARDED_AVAILABILITY = YES_AGGRESSIVE;
				CLANG_WARN_UNREACHABLE_CODE = YES;
				CLANG_WARN__DUPLICATE_METHOD_MATCH = YES;
				CODE_SIGN_IDENTITY = "iPhone Developer";
				COPY_PHASE_STRIP = NO;
				DEBUG_INFORMATION_FORMAT = dwarf;
				ENABLE_STRICT_OBJC_MSGSEND = YES;
				ENABLE_TESTABILITY = YES;
				GCC_C_LANGUAGE_STANDARD = gnu11;
				GCC_DYNAMIC_NO_PIC = NO;
				GCC_NO_COMMON_BLOCKS = YES;
				GCC_OPTIMIZATION_LEVEL = 0;
				GCC_PREPROCESSOR_DEFINITIONS = (
					"DEBUG=1",
					"$(inherited)",
				);
				GCC_WARN_64_TO_32_BIT_CONVERSION = YES;
				GCC_WARN_ABOUT_RETURN_TYPE = YES_ERROR;
				GCC_WARN_UNDECLARED_SELECTOR = YES;
				GCC_WARN_UNINITIALIZED_AUTOS = YES_AGGRESSIVE;
				GCC_WARN_UNUSED_FUNCTION = YES;
				GCC_WARN_UNUSED_VARIABLE = YES;
				IPHONEOS_DEPLOYMENT_TARGET = 11.4;
				MTL_ENABLE_DEBUG_INFO = YES;
				ONLY_ACTIVE_ARCH = YES;
				SDKROOT = iphoneos;
				SWIFT_ACTIVE_COMPILATION_CONDITIONS = DEBUG;
				SWIFT_OPTIMIZATION_LEVEL = "-Onone";
			};
			name = Debug;
		};
		92F3537720F20027000B6FC4 /* Release */ = {
			isa = XCBuildConfiguration;
			buildSettings = {
				ALWAYS_SEARCH_USER_PATHS = NO;
				CLANG_ANALYZER_NONNULL = YES;
				CLANG_ANALYZER_NUMBER_OBJECT_CONVERSION = YES_AGGRESSIVE;
				CLANG_CXX_LANGUAGE_STANDARD = "gnu++14";
				CLANG_CXX_LIBRARY = "libc++";
				CLANG_ENABLE_MODULES = YES;
				CLANG_ENABLE_OBJC_ARC = YES;
				CLANG_ENABLE_OBJC_WEAK = YES;
				CLANG_WARN_BLOCK_CAPTURE_AUTORELEASING = YES;
				CLANG_WARN_BOOL_CONVERSION = YES;
				CLANG_WARN_COMMA = YES;
				CLANG_WARN_CONSTANT_CONVERSION = YES;
				CLANG_WARN_DEPRECATED_OBJC_IMPLEMENTATIONS = YES;
				CLANG_WARN_DIRECT_OBJC_ISA_USAGE = YES_ERROR;
				CLANG_WARN_DOCUMENTATION_COMMENTS = YES;
				CLANG_WARN_EMPTY_BODY = YES;
				CLANG_WARN_ENUM_CONVERSION = YES;
				CLANG_WARN_INFINITE_RECURSION = YES;
				CLANG_WARN_INT_CONVERSION = YES;
				CLANG_WARN_NON_LITERAL_NULL_CONVERSION = YES;
				CLANG_WARN_OBJC_IMPLICIT_RETAIN_SELF = YES;
				CLANG_WARN_OBJC_LITERAL_CONVERSION = YES;
				CLANG_WARN_OBJC_ROOT_CLASS = YES_ERROR;
				CLANG_WARN_RANGE_LOOP_ANALYSIS = YES;
				CLANG_WARN_STRICT_PROTOTYPES = YES;
				CLANG_WARN_SUSPICIOUS_MOVE = YES;
				CLANG_WARN_UNGUARDED_AVAILABILITY = YES_AGGRESSIVE;
				CLANG_WARN_UNREACHABLE_CODE = YES;
				CLANG_WARN__DUPLICATE_METHOD_MATCH = YES;
				CODE_SIGN_IDENTITY = "iPhone Developer";
				COPY_PHASE_STRIP = NO;
				DEBUG_INFORMATION_FORMAT = "dwarf-with-dsym";
				ENABLE_NS_ASSERTIONS = NO;
				ENABLE_STRICT_OBJC_MSGSEND = YES;
				GCC_C_LANGUAGE_STANDARD = gnu11;
				GCC_NO_COMMON_BLOCKS = YES;
				GCC_WARN_64_TO_32_BIT_CONVERSION = YES;
				GCC_WARN_ABOUT_RETURN_TYPE = YES_ERROR;
				GCC_WARN_UNDECLARED_SELECTOR = YES;
				GCC_WARN_UNINITIALIZED_AUTOS = YES_AGGRESSIVE;
				GCC_WARN_UNUSED_FUNCTION = YES;
				GCC_WARN_UNUSED_VARIABLE = YES;
				IPHONEOS_DEPLOYMENT_TARGET = 11.4;
				MTL_ENABLE_DEBUG_INFO = NO;
				SDKROOT = iphoneos;
				SWIFT_COMPILATION_MODE = wholemodule;
				SWIFT_OPTIMIZATION_LEVEL = "-O";
				VALIDATE_PRODUCT = YES;
			};
			name = Release;
		};
		92F3537920F20027000B6FC4 /* Debug */ = {
			isa = XCBuildConfiguration;
			baseConfigurationReference = D7C53BF88B024C906F0435C6 /* Pods-GridLayouts.debug.xcconfig */;
			buildSettings = {
				ASSETCATALOG_COMPILER_APPICON_NAME = AppIcon;
				CODE_SIGN_STYLE = Automatic;
				DEVELOPMENT_TEAM = 8DR4CPGTUH;
				INFOPLIST_FILE = GridLayouts/Info.plist;
				LD_RUNPATH_SEARCH_PATHS = (
					"$(inherited)",
					"@executable_path/Frameworks",
				);
				PRODUCT_BUNDLE_IDENTIFIER = com.icloud.imnot.wimp119.GridLayouts;
				PRODUCT_NAME = "$(TARGET_NAME)";
				SWIFT_VERSION = 4.0;
				TARGETED_DEVICE_FAMILY = "1,2";
			};
			name = Debug;
		};
		92F3537A20F20027000B6FC4 /* Release */ = {
			isa = XCBuildConfiguration;
			baseConfigurationReference = DFF3D084AAC6E5F48ED6B96D /* Pods-GridLayouts.release.xcconfig */;
			buildSettings = {
				ASSETCATALOG_COMPILER_APPICON_NAME = AppIcon;
				CODE_SIGN_STYLE = Automatic;
				DEVELOPMENT_TEAM = 8DR4CPGTUH;
				INFOPLIST_FILE = GridLayouts/Info.plist;
				LD_RUNPATH_SEARCH_PATHS = (
					"$(inherited)",
					"@executable_path/Frameworks",
				);
				PRODUCT_BUNDLE_IDENTIFIER = com.icloud.imnot.wimp119.GridLayouts;
				PRODUCT_NAME = "$(TARGET_NAME)";
				SWIFT_VERSION = 4.0;
				TARGETED_DEVICE_FAMILY = "1,2";
			};
			name = Release;
		};
/* End XCBuildConfiguration section */

/* Begin XCConfigurationList section */
		92F3536120F20023000B6FC4 /* Build configuration list for PBXProject "GridLayouts" */ = {
			isa = XCConfigurationList;
			buildConfigurations = (
				92F3537620F20027000B6FC4 /* Debug */,
				92F3537720F20027000B6FC4 /* Release */,
			);
			defaultConfigurationIsVisible = 0;
			defaultConfigurationName = Release;
		};
		92F3537820F20027000B6FC4 /* Build configuration list for PBXNativeTarget "GridLayouts" */ = {
			isa = XCConfigurationList;
			buildConfigurations = (
				92F3537920F20027000B6FC4 /* Debug */,
				92F3537A20F20027000B6FC4 /* Release */,
			);
			defaultConfigurationIsVisible = 0;
			defaultConfigurationName = Release;
		};
/* End XCConfigurationList section */
	};
	rootObject = 92F3535E20F20023000B6FC4 /* Project object */;
}
